
Microsoft Visual Studio Solution File, Format Version 12.00
# Visual Studio Version 17
VisualStudioVersion = 17.5.2.0
MinimumVisualStudioVersion = 10.0.40219.1
Project("{FAE04EC0-301F-11D3-BF4B-00C04F79EFBC}") = "Tactica.API", "Tactica.API\Tactica.API.csproj", "{085CEC39-63BE-B282-4C57-140749757113}"
EndProject
Project("{FAE04EC0-301F-11D3-BF4B-00C04F79EFBC}") = "Tactica.API.Tests", "Tactica.API.Tests\Tactica.API.Tests.csproj", "{9740F45F-8438-4F73-B5D1-05B7FBB10049}"
EndProject
Global
	GlobalSection(SolutionConfigurationPlatforms) = preSolution
		Debug|Any CPU = Debug|Any CPU
		Debug|x64 = Debug|x64
		Debug|x86 = Debug|x86
		Release|Any CPU = Release|Any CPU
		Release|x64 = Release|x64
		Release|x86 = Release|x86
	EndGlobalSection
	GlobalSection(ProjectConfigurationPlatforms) = postSolution
		{085CEC39-63BE-B282-4C57-140749757113}.Debug|Any CPU.ActiveCfg = Debug|Any CPU
		{085CEC39-63BE-B282-4C57-140749757113}.Debug|Any CPU.Build.0 = Debug|Any CPU
		{085CEC39-63BE-B282-4C57-140749757113}.Debug|x64.ActiveCfg = Debug|Any CPU
		{085CEC39-63BE-B282-4C57-140749757113}.Debug|x64.Build.0 = Debug|Any CPU
		{085CEC39-63BE-B282-4C57-140749757113}.Debug|x86.ActiveCfg = Debug|Any CPU
		{085CEC39-63BE-B282-4C57-140749757113}.Debug|x86.Build.0 = Debug|Any CPU
		{085CEC39-63BE-B282-4C57-140749757113}.Release|Any CPU.ActiveCfg = Release|Any CPU
		{085CEC39-63BE-B282-4C57-140749757113}.Release|Any CPU.Build.0 = Release|Any CPU
		{085CEC39-63BE-B282-4C57-140749757113}.Release|x64.ActiveCfg = Release|Any CPU
		{085CEC39-63BE-B282-4C57-140749757113}.Release|x64.Build.0 = Release|Any CPU
		{085CEC39-63BE-B282-4C57-140749757113}.Release|x86.ActiveCfg = Release|Any CPU
		{085CEC39-63BE-B282-4C57-140749757113}.Release|x86.Build.0 = Release|Any CPU
		{9740F45F-8438-4F73-B5D1-05B7FBB10049}.Debug|Any CPU.ActiveCfg = Debug|Any CPU
		{9740F45F-8438-4F73-B5D1-05B7FBB10049}.Debug|Any CPU.Build.0 = Debug|Any CPU
		{9740F45F-8438-4F73-B5D1-05B7FBB10049}.Debug|x64.ActiveCfg = Debug|Any CPU
		{9740F45F-8438-4F73-B5D1-05B7FBB10049}.Debug|x64.Build.0 = Debug|Any CPU
		{9740F45F-8438-4F73-B5D1-05B7FBB10049}.Debug|x86.ActiveCfg = Debug|Any CPU
		{9740F45F-8438-4F73-B5D1-05B7FBB10049}.Debug|x86.Build.0 = Debug|Any CPU
		{9740F45F-8438-4F73-B5D1-05B7FBB10049}.Release|Any CPU.ActiveCfg = Release|Any CPU
		{9740F45F-8438-4F73-B5D1-05B7FBB10049}.Release|Any CPU.Build.0 = Release|Any CPU
		{9740F45F-8438-4F73-B5D1-05B7FBB10049}.Release|x64.ActiveCfg = Release|Any CPU
		{9740F45F-8438-4F73-B5D1-05B7FBB10049}.Release|x64.Build.0 = Release|Any CPU
		{9740F45F-8438-4F73-B5D1-05B7FBB10049}.Release|x86.ActiveCfg = Release|Any CPU
		{9740F45F-8438-4F73-B5D1-05B7FBB10049}.Release|x86.Build.0 = Release|Any CPU
	EndGlobalSection
	GlobalSection(SolutionProperties) = preSolution
		HideSolutionNode = FALSE
	EndGlobalSection
	GlobalSection(ExtensibilityGlobals) = postSolution
		SolutionGuid = {74B0D9C8-A70D-4FE0-86E0-9B76242DED8E}
	EndGlobalSection
EndGlobal
